
Microsoft Visual Studio Solution File, Format Version 12.00
# Visual Studio Version 17
VisualStudioVersion = 17.0.31903.59
MinimumVisualStudioVersion = 10.0.40219.1
Project("{2150E333-8FDC-42A3-9474-1A3956D46DE8}") = "src", "src", "{827E0CD3-B72D-47B6-A68D-7590B98EB39B}"
EndProject
Project("{2150E333-8FDC-42A3-9474-1A3956D46DE8}") = "tests", "tests", "{0AB3BF05-4346-4AA6-1389-037BE0695223}"
EndProject
Project("{2150E333-8FDC-42A3-9474-1A3956D46DE8}") = "JAT.Modules.Api", "JAT.Modules.Api", "{E448EA8C-5462-F579-4313-727F6F8B6483}"
EndProject
Project("{FAE04EC0-301F-11D3-BF4B-00C04F79EFBC}") = "JAT.Modules.Domain", "src\JAT.Modules.Api\JAT.Modules.Domain\JAT.Modules.Domain.csproj", "{2E3BD238-D2F0-4BF6-BB2A-FC97F9CE5291}"
EndProject
Project("{FAE04EC0-301F-11D3-BF4B-00C04F79EFBC}") = "JAT.Modules.Application", "src\JAT.Modules.Api\JAT.Modules.Application\JAT.Modules.Application.csproj", "{79A958B0-1150-4A52-B3E2-0A04BEBCC2A3}"
EndProject
Project("{FAE04EC0-301F-11D3-BF4B-00C04F79EFBC}") = "JAT.Modules.Infrastructure", "src\JAT.Modules.Api\JAT.Modules.Infrastructure\JAT.Modules.Infrastructure.csproj", "{0B24CB11-5A39-4672-A4DF-73558EE76302}"
EndProject
Project("{FAE04EC0-301F-11D3-BF4B-00C04F79EFBC}") = "JAT.Modules.Api", "src\JAT.Modules.Api\JAT.Modules.Api\JAT.Modules.Api.csproj", "{14499D25-C3E1-45A4-817D-628647ABB51C}"
EndProject
Project("{2150E333-8FDC-42A3-9474-1A3956D46DE8}") = "JAT.Modules.Api", "JAT.Modules.Api", "{44CAEA0D-8346-EF30-7D5E-9B3FFA5F9500}"
EndProject
Project("{FAE04EC0-301F-11D3-BF4B-00C04F79EFBC}") = "JAT.Modules.Application.UnitTests", "tests\JAT.Modules.Api\JAT.Modules.Application.UnitTests\JAT.Modules.Application.UnitTests.csproj", "{4C9C75F2-0CFD-45D3-B0A4-4186B61D74B3}"
EndProject
Project("{2150E333-8FDC-42A3-9474-1A3956D46DE8}") = "JAT.IdentityService.Api", "JAT.IdentityService.Api", "{24EC4AC0-7D0A-5653-CC46-50216674C35B}"
EndProject
Project("{FAE04EC0-301F-11D3-BF4B-00C04F79EFBC}") = "JAT.IdentityService.Api", "src\JAT.IdentityService.Api\JAT.IdentityService.Api\JAT.IdentityService.Api.csproj", "{96F6A7EC-62EC-43F8-9036-A18115907517}"
EndProject
Project("{FAE04EC0-301F-11D3-BF4B-00C04F79EFBC}") = "JAT.IdentityService.Application", "src\JAT.IdentityService.Api\JAT.IdentityService.Application\JAT.IdentityService.Application.csproj", "{FC1683B7-EABA-4969-BBCA-E92F7C8DB5E3}"
EndProject
Project("{2150E333-8FDC-42A3-9474-1A3956D46DE8}") = "Solution Items", "Solution Items", "{089100B1-113F-4E66-888A-E83F3999EAFD}"
	ProjectSection(SolutionItems) = preProject
		Directory.Packages.props = Directory.Packages.props
		Directory.Build.props = Directory.Build.props
	EndProjectSection
EndProject
Project("{FAE04EC0-301F-11D3-BF4B-00C04F79EFBC}") = "JAT.IdentityService.Domain", "src\JAT.IdentityService.Api\JAT.IdentityService.Domain\JAT.IdentityService.Domain.csproj", "{9E8C4CAD-CF3A-463C-9B92-7151F83A0B46}"
EndProject
Project("{FAE04EC0-301F-11D3-BF4B-00C04F79EFBC}") = "JAT.IdentityService.Infrastructure", "src\JAT.IdentityService.Api\JAT.IdentityService.Infrastructure\JAT.IdentityService.Infrastructure.csproj", "{924013BF-D084-41EF-A32A-54F17E93DD79}"
EndProject
Project("{2150E333-8FDC-42A3-9474-1A3956D46DE8}") = "Shared", "Shared", "{C8E42992-5E42-0C2B-DBFE-AA848D06431C}"
EndProject
Project("{FAE04EC0-301F-11D3-BF4B-00C04F79EFBC}") = "JAT.Core.Domain", "src\Shared\JAT.Core.Domain\JAT.Core.Domain.csproj", "{DCAB8DE2-DBD7-404F-950B-C9D3E4DF394F}"
EndProject
Project("{FAE04EC0-301F-11D3-BF4B-00C04F79EFBC}") = "JAT.Core.Api", "src\Shared\JAT.Core.Api\JAT.Core.Api.csproj", "{D1042E56-C3BC-42FB-98C2-910F6698A1DD}"
EndProject
Project("{FAE04EC0-301F-11D3-BF4B-00C04F79EFBC}") = "JAT.Core.Application", "src\Shared\JAT.Core.Application\JAT.Core.Application.csproj", "{E3D9CEB3-F761-4547-9F67-663FDFFF0215}"
EndProject
Global
	GlobalSection(SolutionConfigurationPlatforms) = preSolution
		Debug|Any CPU = Debug|Any CPU
		Release|Any CPU = Release|Any CPU
	EndGlobalSection
	GlobalSection(ProjectConfigurationPlatforms) = postSolution
		{2E3BD238-D2F0-4BF6-BB2A-FC97F9CE5291}.Debug|Any CPU.ActiveCfg = Debug|Any CPU
		{2E3BD238-D2F0-4BF6-BB2A-FC97F9CE5291}.Debug|Any CPU.Build.0 = Debug|Any CPU
		{2E3BD238-D2F0-4BF6-BB2A-FC97F9CE5291}.Release|Any CPU.ActiveCfg = Release|Any CPU
		{2E3BD238-D2F0-4BF6-BB2A-FC97F9CE5291}.Release|Any CPU.Build.0 = Release|Any CPU
		{79A958B0-1150-4A52-B3E2-0A04BEBCC2A3}.Debug|Any CPU.ActiveCfg = Debug|Any CPU
		{79A958B0-1150-4A52-B3E2-0A04BEBCC2A3}.Debug|Any CPU.Build.0 = Debug|Any CPU
		{79A958B0-1150-4A52-B3E2-0A04BEBCC2A3}.Release|Any CPU.ActiveCfg = Release|Any CPU
		{79A958B0-1150-4A52-B3E2-0A04BEBCC2A3}.Release|Any CPU.Build.0 = Release|Any CPU
		{0B24CB11-5A39-4672-A4DF-73558EE76302}.Debug|Any CPU.ActiveCfg = Debug|Any CPU
		{0B24CB11-5A39-4672-A4DF-73558EE76302}.Debug|Any CPU.Build.0 = Debug|Any CPU
		{0B24CB11-5A39-4672-A4DF-73558EE76302}.Release|Any CPU.ActiveCfg = Release|Any CPU
		{0B24CB11-5A39-4672-A4DF-73558EE76302}.Release|Any CPU.Build.0 = Release|Any CPU
		{14499D25-C3E1-45A4-817D-628647ABB51C}.Debug|Any CPU.ActiveCfg = Debug|Any CPU
		{14499D25-C3E1-45A4-817D-628647ABB51C}.Debug|Any CPU.Build.0 = Debug|Any CPU
		{14499D25-C3E1-45A4-817D-628647ABB51C}.Release|Any CPU.ActiveCfg = Release|Any CPU
		{14499D25-C3E1-45A4-817D-628647ABB51C}.Release|Any CPU.Build.0 = Release|Any CPU
		{4C9C75F2-0CFD-45D3-B0A4-4186B61D74B3}.Debug|Any CPU.ActiveCfg = Debug|Any CPU
		{4C9C75F2-0CFD-45D3-B0A4-4186B61D74B3}.Debug|Any CPU.Build.0 = Debug|Any CPU
		{4C9C75F2-0CFD-45D3-B0A4-4186B61D74B3}.Release|Any CPU.ActiveCfg = Release|Any CPU
		{4C9C75F2-0CFD-45D3-B0A4-4186B61D74B3}.Release|Any CPU.Build.0 = Release|Any CPU
		{96F6A7EC-62EC-43F8-9036-A18115907517}.Debug|Any CPU.ActiveCfg = Debug|Any CPU
		{96F6A7EC-62EC-43F8-9036-A18115907517}.Debug|Any CPU.Build.0 = Debug|Any CPU
		{96F6A7EC-62EC-43F8-9036-A18115907517}.Release|Any CPU.ActiveCfg = Release|Any CPU
		{96F6A7EC-62EC-43F8-9036-A18115907517}.Release|Any CPU.Build.0 = Release|Any CPU
		{FC1683B7-EABA-4969-BBCA-E92F7C8DB5E3}.Debug|Any CPU.ActiveCfg = Debug|Any CPU
		{FC1683B7-EABA-4969-BBCA-E92F7C8DB5E3}.Debug|Any CPU.Build.0 = Debug|Any CPU
		{FC1683B7-EABA-4969-BBCA-E92F7C8DB5E3}.Release|Any CPU.ActiveCfg = Release|Any CPU
		{FC1683B7-EABA-4969-BBCA-E92F7C8DB5E3}.Release|Any CPU.Build.0 = Release|Any CPU
		{9E8C4CAD-CF3A-463C-9B92-7151F83A0B46}.Debug|Any CPU.ActiveCfg = Debug|Any CPU
		{9E8C4CAD-CF3A-463C-9B92-7151F83A0B46}.Debug|Any CPU.Build.0 = Debug|Any CPU
		{9E8C4CAD-CF3A-463C-9B92-7151F83A0B46}.Release|Any CPU.ActiveCfg = Release|Any CPU
		{9E8C4CAD-CF3A-463C-9B92-7151F83A0B46}.Release|Any CPU.Build.0 = Release|Any CPU
		{924013BF-D084-41EF-A32A-54F17E93DD79}.Debug|Any CPU.ActiveCfg = Debug|Any CPU
		{924013BF-D084-41EF-A32A-54F17E93DD79}.Debug|Any CPU.Build.0 = Debug|Any CPU
		{924013BF-D084-41EF-A32A-54F17E93DD79}.Release|Any CPU.ActiveCfg = Release|Any CPU
		{924013BF-D084-41EF-A32A-54F17E93DD79}.Release|Any CPU.Build.0 = Release|Any CPU
		{DCAB8DE2-DBD7-404F-950B-C9D3E4DF394F}.Debug|Any CPU.ActiveCfg = Debug|Any CPU
		{DCAB8DE2-DBD7-404F-950B-C9D3E4DF394F}.Debug|Any CPU.Build.0 = Debug|Any CPU
		{DCAB8DE2-DBD7-404F-950B-C9D3E4DF394F}.Release|Any CPU.ActiveCfg = Release|Any CPU
		{DCAB8DE2-DBD7-404F-950B-C9D3E4DF394F}.Release|Any CPU.Build.0 = Release|Any CPU
		{D1042E56-C3BC-42FB-98C2-910F6698A1DD}.Debug|Any CPU.ActiveCfg = Debug|Any CPU
		{D1042E56-C3BC-42FB-98C2-910F6698A1DD}.Debug|Any CPU.Build.0 = Debug|Any CPU
		{D1042E56-C3BC-42FB-98C2-910F6698A1DD}.Release|Any CPU.ActiveCfg = Release|Any CPU
		{D1042E56-C3BC-42FB-98C2-910F6698A1DD}.Release|Any CPU.Build.0 = Release|Any CPU
		{E3D9CEB3-F761-4547-9F67-663FDFFF0215}.Debug|Any CPU.ActiveCfg = Debug|Any CPU
		{E3D9CEB3-F761-4547-9F67-663FDFFF0215}.Debug|Any CPU.Build.0 = Debug|Any CPU
		{E3D9CEB3-F761-4547-9F67-663FDFFF0215}.Release|Any CPU.ActiveCfg = Release|Any CPU
		{E3D9CEB3-F761-4547-9F67-663FDFFF0215}.Release|Any CPU.Build.0 = Release|Any CPU
	EndGlobalSection
	GlobalSection(SolutionProperties) = preSolution
		HideSolutionNode = FALSE
	EndGlobalSection
	GlobalSection(NestedProjects) = preSolution
		{E448EA8C-5462-F579-4313-727F6F8B6483} = {827E0CD3-B72D-47B6-A68D-7590B98EB39B}
		{2E3BD238-D2F0-4BF6-BB2A-FC97F9CE5291} = {E448EA8C-5462-F579-4313-727F6F8B6483}
		{79A958B0-1150-4A52-B3E2-0A04BEBCC2A3} = {E448EA8C-5462-F579-4313-727F6F8B6483}
		{0B24CB11-5A39-4672-A4DF-73558EE76302} = {E448EA8C-5462-F579-4313-727F6F8B6483}
		{14499D25-C3E1-45A4-817D-628647ABB51C} = {E448EA8C-5462-F579-4313-727F6F8B6483}
		{44CAEA0D-8346-EF30-7D5E-9B3FFA5F9500} = {0AB3BF05-4346-4AA6-1389-037BE0695223}
		{4C9C75F2-0CFD-45D3-B0A4-4186B61D74B3} = {44CAEA0D-8346-EF30-7D5E-9B3FFA5F9500}
		{24EC4AC0-7D0A-5653-CC46-50216674C35B} = {827E0CD3-B72D-47B6-A68D-7590B98EB39B}
		{96F6A7EC-62EC-43F8-9036-A18115907517} = {24EC4AC0-7D0A-5653-CC46-50216674C35B}
		{FC1683B7-EABA-4969-BBCA-E92F7C8DB5E3} = {24EC4AC0-7D0A-5653-CC46-50216674C35B}
		{9E8C4CAD-CF3A-463C-9B92-7151F83A0B46} = {24EC4AC0-7D0A-5653-CC46-50216674C35B}
		{924013BF-D084-41EF-A32A-54F17E93DD79} = {24EC4AC0-7D0A-5653-CC46-50216674C35B}
		{C8E42992-5E42-0C2B-DBFE-AA848D06431C} = {827E0CD3-B72D-47B6-A68D-7590B98EB39B}
		{DCAB8DE2-DBD7-404F-950B-C9D3E4DF394F} = {C8E42992-5E42-0C2B-DBFE-AA848D06431C}
		{D1042E56-C3BC-42FB-98C2-910F6698A1DD} = {C8E42992-5E42-0C2B-DBFE-AA848D06431C}
		{E3D9CEB3-F761-4547-9F67-663FDFFF0215} = {C8E42992-5E42-0C2B-DBFE-AA848D06431C}
	EndGlobalSection
EndGlobal
