
Microsoft Visual Studio Solution File, Format Version 12.00
# Visual Studio Version 17
VisualStudioVersion = 17.0.31903.59
MinimumVisualStudioVersion = 10.0.40219.1
Project("{2150E333-8FDC-42A3-9474-1A3956D46DE8}") = "src", "src", "{827E0CD3-B72D-47B6-A68D-7590B98EB39B}"
EndProject
Project("{2150E333-8FDC-42A3-9474-1A3956D46DE8}") = "api", "api", "{81034408-37C8-1011-444E-4C15C2FADA8E}"
EndProject
Project("{FAE04EC0-301F-11D3-BF4B-00C04F79EFBC}") = "JAT.XModuleManager.Api", "src\api\JAT.XModuleManager.Api\JAT.XModuleManager.Api.csproj", "{3CF80C50-62E7-4FAC-93EC-93CA03C89762}"
EndProject
Project("{2150E333-8FDC-42A3-9474-1A3956D46DE8}") = "tests", "tests", "{0AB3BF05-4346-4AA6-1389-037BE0695223}"
EndProject
Project("{FAE04EC0-301F-11D3-BF4B-00C04F79EFBC}") = "JAT.XModuleManager.Application", "src\api\JAT.XModuleManager.Application\JAT.XModuleManager.Application.csproj", "{491B8BB2-2065-4DA4-8C30-9D67D1C1BF18}"
EndProject
Project("{FAE04EC0-301F-11D3-BF4B-00C04F79EFBC}") = "JAT.XModuleManager.UnitTests", "tests\JAT.XModuleManager.UnitTests\JAT.XModuleManager.UnitTests.csproj", "{5B7DE531-6BA1-4909-8584-1145181D8C58}"
EndProject
Project("{FAE04EC0-301F-11D3-BF4B-00C04F79EFBC}") = "JAT.XModuleManager.Domain", "src\api\JAT.XModuleManager.Domain\JAT.XModuleManager.Domain.csproj", "{0B930BDD-95F2-44D4-86E8-319881258DE2}"
EndProject
Project("{FAE04EC0-301F-11D3-BF4B-00C04F79EFBC}") = "JAT.XModuleManager.Infrastructure", "src\api\JAT.XModuleManager.Infrastructure\JAT.XModuleManager.Infrastructure.csproj", "{79672CB1-B591-4EB8-B178-76ACD4E35390}"
EndProject
Global
	GlobalSection(SolutionConfigurationPlatforms) = preSolution
		Debug|Any CPU = Debug|Any CPU
		Release|Any CPU = Release|Any CPU
	EndGlobalSection
	GlobalSection(ProjectConfigurationPlatforms) = postSolution
		{3CF80C50-62E7-4FAC-93EC-93CA03C89762}.Debug|Any CPU.ActiveCfg = Debug|Any CPU
		{3CF80C50-62E7-4FAC-93EC-93CA03C89762}.Debug|Any CPU.Build.0 = Debug|Any CPU
		{3CF80C50-62E7-4FAC-93EC-93CA03C89762}.Release|Any CPU.ActiveCfg = Release|Any CPU
		{3CF80C50-62E7-4FAC-93EC-93CA03C89762}.Release|Any CPU.Build.0 = Release|Any CPU
		{491B8BB2-2065-4DA4-8C30-9D67D1C1BF18}.Debug|Any CPU.ActiveCfg = Debug|Any CPU
		{491B8BB2-2065-4DA4-8C30-9D67D1C1BF18}.Debug|Any CPU.Build.0 = Debug|Any CPU
		{491B8BB2-2065-4DA4-8C30-9D67D1C1BF18}.Release|Any CPU.ActiveCfg = Release|Any CPU
		{491B8BB2-2065-4DA4-8C30-9D67D1C1BF18}.Release|Any CPU.Build.0 = Release|Any CPU
		{5B7DE531-6BA1-4909-8584-1145181D8C58}.Debug|Any CPU.ActiveCfg = Debug|Any CPU
		{5B7DE531-6BA1-4909-8584-1145181D8C58}.Debug|Any CPU.Build.0 = Debug|Any CPU
		{5B7DE531-6BA1-4909-8584-1145181D8C58}.Release|Any CPU.ActiveCfg = Release|Any CPU
		{5B7DE531-6BA1-4909-8584-1145181D8C58}.Release|Any CPU.Build.0 = Release|Any CPU
		{0B930BDD-95F2-44D4-86E8-319881258DE2}.Debug|Any CPU.ActiveCfg = Debug|Any CPU
		{0B930BDD-95F2-44D4-86E8-319881258DE2}.Debug|Any CPU.Build.0 = Debug|Any CPU
		{0B930BDD-95F2-44D4-86E8-319881258DE2}.Release|Any CPU.ActiveCfg = Release|Any CPU
		{0B930BDD-95F2-44D4-86E8-319881258DE2}.Release|Any CPU.Build.0 = Release|Any CPU
		{79672CB1-B591-4EB8-B178-76ACD4E35390}.Debug|Any CPU.ActiveCfg = Debug|Any CPU
		{79672CB1-B591-4EB8-B178-76ACD4E35390}.Debug|Any CPU.Build.0 = Debug|Any CPU
		{79672CB1-B591-4EB8-B178-76ACD4E35390}.Release|Any CPU.ActiveCfg = Release|Any CPU
		{79672CB1-B591-4EB8-B178-76ACD4E35390}.Release|Any CPU.Build.0 = Release|Any CPU
	EndGlobalSection
	GlobalSection(SolutionProperties) = preSolution
		HideSolutionNode = FALSE
	EndGlobalSection
	GlobalSection(NestedProjects) = preSolution
		{81034408-37C8-1011-444E-4C15C2FADA8E} = {827E0CD3-B72D-47B6-A68D-7590B98EB39B}
		{3CF80C50-62E7-4FAC-93EC-93CA03C89762} = {81034408-37C8-1011-444E-4C15C2FADA8E}
		{491B8BB2-2065-4DA4-8C30-9D67D1C1BF18} = {81034408-37C8-1011-444E-4C15C2FADA8E}
		{5B7DE531-6BA1-4909-8584-1145181D8C58} = {0AB3BF05-4346-4AA6-1389-037BE0695223}
		{0B930BDD-95F2-44D4-86E8-319881258DE2} = {81034408-37C8-1011-444E-4C15C2FADA8E}
		{79672CB1-B591-4EB8-B178-76ACD4E35390} = {81034408-37C8-1011-444E-4C15C2FADA8E}
	EndGlobalSection
EndGlobal
